{
  "nodes": {
    "nixpkgs": {
      "locked": {
        "lastModified": 1772963539,
        "narHash": "sha256-9jVDGZnvCckTGdYT53d/EfznygLskyLQXYwJLKMPsZs=",
        "owner": "NixOS",
        "repo": "nixpkgs",
        "rev": "9dcb002ca1690658be4a04645215baea8b95f31d",
        "type": "github"
      },
      "original": {
        "owner": "NixOS",
        "ref": "nixos-unstable",
        "repo": "nixpkgs",
        "type": "github"
      }
    },
    "quimb-flake": {
      "inputs": {
        "nixpkgs": [
          "nixpkgs"
        ]
      },
      "locked": {
        "lastModified": 1772269668,
        "narHash": "sha256-JRzCFGYlD2fxSUEl1bPviSCYHEmusp1ODkSl4eTLpag=",
        "owner": "niccogc",
        "repo": "quimbflake",
        "rev": "732c2f47b061380d507fe35f714d680ffc334b5c",
        "type": "github"
      },
      "original": {
        "owner": "niccogc",
        "repo": "quimbflake",
        "type": "github"
      }
    },
    "root": {
      "inputs": {
        "nixpkgs": "nixpkgs",
        "quimb-flake": "quimb-flake"
      }
    }
  },
  "root": "root",
  "version": 7
}
