{
  "nodes": {
    "anthropic-auth-src": {
      "flake": false,
      "locked": {
        "lastModified": 1769584201,
        "narHash": "sha256-7Ua5XgBbI4Nn6CR7OYRntSrpqdiEs8sIB1jXaWC3rb8=",
        "owner": "sst",
        "repo": "opencode-anthropic-auth",
        "rev": "07e7c7caa80680ae1bbb3c624f819fa508b8b1d7",
        "type": "github"
      },
      "original": {
        "owner": "sst",
        "repo": "opencode-anthropic-auth",
        "type": "github"
      }
    },
    "antigravity-src": {
      "flake": false,
      "locked": {
        "lastModified": 1769781567,
        "narHash": "sha256-Wh/dr44WNJs0QqgSpDmdAGsxVbelFp8X3XG2972r0io=",
        "owner": "shekohex",
        "repo": "opencode-google-antigravity-auth",
        "rev": "d20188e34c9f3313536b616b4c780ba03dce6862",
        "type": "github"
      },
      "original": {
        "owner": "shekohex",
        "repo": "opencode-google-antigravity-auth",
        "type": "github"
      }
    },
    "nixpkgs": {
      "locked": {
        "lastModified": 1769789167,
        "narHash": "sha256-kKB3bqYJU5nzYeIROI82Ef9VtTbu4uA3YydSk/Bioa8=",
        "owner": "NixOS",
        "repo": "nixpkgs",
        "rev": "62c8382960464ceb98ea593cb8321a2cf8f9e3e5",
        "type": "github"
      },
      "original": {
        "owner": "NixOS",
        "ref": "nixos-unstable",
        "repo": "nixpkgs",
        "type": "github"
      }
    },
    "oh-my-opencode-src": {
      "flake": false,
      "locked": {
        "lastModified": 1769975525,
        "narHash": "sha256-0TnuQE3emSOQnQcZp2pD6paN0UInfy2M+pmphRFMjMs=",
        "owner": "code-yeongyu",
        "repo": "oh-my-opencode",
        "rev": "523ef0d2184d753e538da8ea886192c54ee2a03a",
        "type": "github"
      },
      "original": {
        "owner": "code-yeongyu",
        "repo": "oh-my-opencode",
        "type": "github"
      }
    },
    "opencode": {
      "inputs": {
        "nixpkgs": [
          "nixpkgs"
        ]
      },
      "locked": {
        "lastModified": 1770043459,
        "narHash": "sha256-dT/Crj/rrCneplKCTk/s6ZFLb2/xDvT6lFKzckcQxRw=",
        "owner": "anomalyco",
        "repo": "opencode",
        "rev": "423778c93a9a976f3755c31a0398766b2d0c1e3f",
        "type": "github"
      },
      "original": {
        "owner": "anomalyco",
        "repo": "opencode",
        "type": "github"
      }
    },
    "opencode-plugins": {
      "inputs": {
        "anthropic-auth-src": "anthropic-auth-src",
        "antigravity-src": "antigravity-src",
        "nixpkgs": [
          "nixpkgs"
        ],
        "oh-my-opencode-src": "oh-my-opencode-src"
      },
      "locked": {
        "lastModified": 1769988038,
        "narHash": "sha256-DKGmkllE+C6SUKhObYxU/ICnhdK88rBJlEjQ77RNyW0=",
        "owner": "niccogc",
        "repo": "opencode-plugin",
        "rev": "ec350ccbca827568ddcd8169a5d361c26cc06954",
        "type": "github"
      },
      "original": {
        "owner": "niccogc",
        "repo": "opencode-plugin",
        "type": "github"
      }
    },
    "quimb-flake": {
      "inputs": {
        "nixpkgs": [
          "nixpkgs"
        ]
      },
      "locked": {
        "lastModified": 1762866720,
        "narHash": "sha256-tH6nSRlooOZ8azXSX3y3hi1GGAizsbY8wAAxsice3RQ=",
        "owner": "niccogc",
        "repo": "quimbflake",
        "rev": "b598cde727d8670711e2cccaee2694aeb8571df3",
        "type": "github"
      },
      "original": {
        "owner": "niccogc",
        "repo": "quimbflake",
        "type": "github"
      }
    },
    "root": {
      "inputs": {
        "nixpkgs": "nixpkgs",
        "opencode": "opencode",
        "opencode-plugins": "opencode-plugins",
        "quimb-flake": "quimb-flake"
      }
    }
  },
  "root": "root",
  "version": 7
}
