{
  "nodes": {
    "nixpkgs": {
      "locked": {
        "lastModified": 1774709303,
        "narHash": "sha256-D3Q07BbIA2KnTcSXIqqu9P586uWxN74zNoCH3h2ESHg=",
        "owner": "NixOS",
        "repo": "nixpkgs",
        "rev": "8110df5ad7abf5d4c0f6fb0f8f978390e77f9685",
        "type": "github"
      },
      "original": {
        "owner": "NixOS",
        "ref": "nixos-unstable",
        "repo": "nixpkgs",
        "type": "github"
      }
    },
    "quimb-flake": {
      "inputs": {
        "nixpkgs": [
          "nixpkgs"
        ]
      },
      "locked": {
        "lastModified": 1772269668,
        "narHash": "sha256-JRzCFGYlD2fxSUEl1bPviSCYHEmusp1ODkSl4eTLpag=",
        "owner": "niccogc",
        "repo": "quimbflake",
        "rev": "732c2f47b061380d507fe35f714d680ffc334b5c",
        "type": "github"
      },
      "original": {
        "owner": "niccogc",
        "repo": "quimbflake",
        "type": "github"
      }
    },
    "root": {
      "inputs": {
        "nixpkgs": "nixpkgs",
        "quimb-flake": "quimb-flake"
      }
    }
  },
  "root": "root",
  "version": 7
}
